
Microsoft Visual Studio Solution File, Format Version 12.00
# Visual Studio Version 17
VisualStudioVersion = 17.9.34701.34
MinimumVisualStudioVersion = 10.0.40219.1
Project("{A07B5EB6-E848-4116-A8D0-A826331D98C6}") = "LibraryManagement", "LibraryManagement\LibraryManagement.sfproj", "{DD2AA698-9EAC-4BB6-94C0-2DCBBB84B708}"
EndProject
Project("{9A19103F-16F7-4668-BE54-9A1E7A4F7556}") = "LibraryManagement.BookCatalog", "LibraryManagement.BookCatalog\LibraryManagement.BookCatalog.csproj", "{139C7859-696B-406C-B96B-CEB0BA9225C8}"
EndProject
Project("{9A19103F-16F7-4668-BE54-9A1E7A4F7556}") = "LibraryManagement.Domain", "LibraryManagement.Domain\LibraryManagement.Domain.csproj", "{6B6963AE-4421-470E-878D-C7AA40364E51}"
EndProject
Project("{9A19103F-16F7-4668-BE54-9A1E7A4F7556}") = "LibraryManagement.API", "LibraryManagement.API\LibraryManagement.API.csproj", "{6A42DED9-A0D3-40FC-910E-9BD657FB5078}"
EndProject
Project("{9A19103F-16F7-4668-BE54-9A1E7A4F7556}") = "LibraryManagement.AuthorService", "LibraryManagement.AuthorService\LibraryManagement.AuthorService.csproj", "{D4D337FD-C887-497F-A265-F7D359E1C3D6}"
EndProject
Project("{9A19103F-16F7-4668-BE54-9A1E7A4F7556}") = "LibraryManagement.PublisherService", "LibraryManagement.PublisherService\LibraryManagement.PublisherService.csproj", "{5B6EE741-D166-40CD-9D33-AAB65AA67C18}"
EndProject
Project("{9A19103F-16F7-4668-BE54-9A1E7A4F7556}") = "LibraryManagement.AppuserService", "LibraryManagement.AppuserService\LibraryManagement.AppuserService.csproj", "{41DDFD96-C5D6-437F-95FC-BAD70AE6706C}"
EndProject
Project("{9A19103F-16F7-4668-BE54-9A1E7A4F7556}") = "LibraryManagement.BookTransactionService", "LibraryManagement.BookTransactionService\LibraryManagement.BookTransactionService.csproj", "{7AD1DDED-3A32-44ED-9730-77C4AC4DFFF6}"
EndProject
Project("{9A19103F-16F7-4668-BE54-9A1E7A4F7556}") = "LibraryManagement.Interfaces", "LibraryManagement.Interfaces\LibraryManagement.Interfaces.csproj", "{B600B81A-E70C-4614-81D5-F1DC277028C3}"
EndProject
Project("{FAE04EC0-301F-11D3-BF4B-00C04F79EFBC}") = "LibraryManagement.AppuserActor", "LibraryManagement.AppuserActor\LibraryManagement.AppuserActor.csproj", "{326F29C7-60F6-4BA5-94B5-BBBCB0282B20}"
EndProject
Project("{FAE04EC0-301F-11D3-BF4B-00C04F79EFBC}") = "LibraryManagement.AppuserActor.Interfaces", "LibraryManagement.AppuserActor.Interfaces\LibraryManagement.AppuserActor.Interfaces.csproj", "{48F412F1-8564-4E46-8105-61183EE49421}"
EndProject
Global
	GlobalSection(SolutionConfigurationPlatforms) = preSolution
		Debug|Any CPU = Debug|Any CPU
		Debug|x64 = Debug|x64
		Release|Any CPU = Release|Any CPU
		Release|x64 = Release|x64
	EndGlobalSection
	GlobalSection(ProjectConfigurationPlatforms) = postSolution
		{DD2AA698-9EAC-4BB6-94C0-2DCBBB84B708}.Debug|Any CPU.ActiveCfg = Debug|x64
		{DD2AA698-9EAC-4BB6-94C0-2DCBBB84B708}.Debug|Any CPU.Build.0 = Debug|x64
		{DD2AA698-9EAC-4BB6-94C0-2DCBBB84B708}.Debug|Any CPU.Deploy.0 = Debug|x64
		{DD2AA698-9EAC-4BB6-94C0-2DCBBB84B708}.Debug|x64.ActiveCfg = Debug|x64
		{DD2AA698-9EAC-4BB6-94C0-2DCBBB84B708}.Debug|x64.Build.0 = Debug|x64
		{DD2AA698-9EAC-4BB6-94C0-2DCBBB84B708}.Debug|x64.Deploy.0 = Debug|x64
		{DD2AA698-9EAC-4BB6-94C0-2DCBBB84B708}.Release|Any CPU.ActiveCfg = Release|x64
		{DD2AA698-9EAC-4BB6-94C0-2DCBBB84B708}.Release|Any CPU.Build.0 = Release|x64
		{DD2AA698-9EAC-4BB6-94C0-2DCBBB84B708}.Release|Any CPU.Deploy.0 = Release|x64
		{DD2AA698-9EAC-4BB6-94C0-2DCBBB84B708}.Release|x64.ActiveCfg = Release|x64
		{DD2AA698-9EAC-4BB6-94C0-2DCBBB84B708}.Release|x64.Build.0 = Release|x64
		{DD2AA698-9EAC-4BB6-94C0-2DCBBB84B708}.Release|x64.Deploy.0 = Release|x64
		{139C7859-696B-406C-B96B-CEB0BA9225C8}.Debug|Any CPU.ActiveCfg = Debug|Any CPU
		{139C7859-696B-406C-B96B-CEB0BA9225C8}.Debug|Any CPU.Build.0 = Debug|Any CPU
		{139C7859-696B-406C-B96B-CEB0BA9225C8}.Debug|x64.ActiveCfg = Debug|Any CPU
		{139C7859-696B-406C-B96B-CEB0BA9225C8}.Debug|x64.Build.0 = Debug|Any CPU
		{139C7859-696B-406C-B96B-CEB0BA9225C8}.Release|Any CPU.ActiveCfg = Release|Any CPU
		{139C7859-696B-406C-B96B-CEB0BA9225C8}.Release|Any CPU.Build.0 = Release|Any CPU
		{139C7859-696B-406C-B96B-CEB0BA9225C8}.Release|x64.ActiveCfg = Release|Any CPU
		{139C7859-696B-406C-B96B-CEB0BA9225C8}.Release|x64.Build.0 = Release|Any CPU
		{6B6963AE-4421-470E-878D-C7AA40364E51}.Debug|Any CPU.ActiveCfg = Debug|Any CPU
		{6B6963AE-4421-470E-878D-C7AA40364E51}.Debug|Any CPU.Build.0 = Debug|Any CPU
		{6B6963AE-4421-470E-878D-C7AA40364E51}.Debug|x64.ActiveCfg = Debug|Any CPU
		{6B6963AE-4421-470E-878D-C7AA40364E51}.Debug|x64.Build.0 = Debug|Any CPU
		{6B6963AE-4421-470E-878D-C7AA40364E51}.Release|Any CPU.ActiveCfg = Release|Any CPU
		{6B6963AE-4421-470E-878D-C7AA40364E51}.Release|Any CPU.Build.0 = Release|Any CPU
		{6B6963AE-4421-470E-878D-C7AA40364E51}.Release|x64.ActiveCfg = Release|Any CPU
		{6B6963AE-4421-470E-878D-C7AA40364E51}.Release|x64.Build.0 = Release|Any CPU
		{6A42DED9-A0D3-40FC-910E-9BD657FB5078}.Debug|Any CPU.ActiveCfg = Debug|Any CPU
		{6A42DED9-A0D3-40FC-910E-9BD657FB5078}.Debug|Any CPU.Build.0 = Debug|Any CPU
		{6A42DED9-A0D3-40FC-910E-9BD657FB5078}.Debug|x64.ActiveCfg = Debug|Any CPU
		{6A42DED9-A0D3-40FC-910E-9BD657FB5078}.Debug|x64.Build.0 = Debug|Any CPU
		{6A42DED9-A0D3-40FC-910E-9BD657FB5078}.Release|Any CPU.ActiveCfg = Release|Any CPU
		{6A42DED9-A0D3-40FC-910E-9BD657FB5078}.Release|Any CPU.Build.0 = Release|Any CPU
		{6A42DED9-A0D3-40FC-910E-9BD657FB5078}.Release|x64.ActiveCfg = Release|Any CPU
		{6A42DED9-A0D3-40FC-910E-9BD657FB5078}.Release|x64.Build.0 = Release|Any CPU
		{D4D337FD-C887-497F-A265-F7D359E1C3D6}.Debug|Any CPU.ActiveCfg = Debug|Any CPU
		{D4D337FD-C887-497F-A265-F7D359E1C3D6}.Debug|Any CPU.Build.0 = Debug|Any CPU
		{D4D337FD-C887-497F-A265-F7D359E1C3D6}.Debug|x64.ActiveCfg = Debug|Any CPU
		{D4D337FD-C887-497F-A265-F7D359E1C3D6}.Debug|x64.Build.0 = Debug|Any CPU
		{D4D337FD-C887-497F-A265-F7D359E1C3D6}.Release|Any CPU.ActiveCfg = Release|Any CPU
		{D4D337FD-C887-497F-A265-F7D359E1C3D6}.Release|Any CPU.Build.0 = Release|Any CPU
		{D4D337FD-C887-497F-A265-F7D359E1C3D6}.Release|x64.ActiveCfg = Release|Any CPU
		{D4D337FD-C887-497F-A265-F7D359E1C3D6}.Release|x64.Build.0 = Release|Any CPU
		{5B6EE741-D166-40CD-9D33-AAB65AA67C18}.Debug|Any CPU.ActiveCfg = Debug|Any CPU
		{5B6EE741-D166-40CD-9D33-AAB65AA67C18}.Debug|Any CPU.Build.0 = Debug|Any CPU
		{5B6EE741-D166-40CD-9D33-AAB65AA67C18}.Debug|x64.ActiveCfg = Debug|Any CPU
		{5B6EE741-D166-40CD-9D33-AAB65AA67C18}.Debug|x64.Build.0 = Debug|Any CPU
		{5B6EE741-D166-40CD-9D33-AAB65AA67C18}.Release|Any CPU.ActiveCfg = Release|Any CPU
		{5B6EE741-D166-40CD-9D33-AAB65AA67C18}.Release|Any CPU.Build.0 = Release|Any CPU
		{5B6EE741-D166-40CD-9D33-AAB65AA67C18}.Release|x64.ActiveCfg = Release|Any CPU
		{5B6EE741-D166-40CD-9D33-AAB65AA67C18}.Release|x64.Build.0 = Release|Any CPU
		{41DDFD96-C5D6-437F-95FC-BAD70AE6706C}.Debug|Any CPU.ActiveCfg = Debug|Any CPU
		{41DDFD96-C5D6-437F-95FC-BAD70AE6706C}.Debug|Any CPU.Build.0 = Debug|Any CPU
		{41DDFD96-C5D6-437F-95FC-BAD70AE6706C}.Debug|x64.ActiveCfg = Debug|Any CPU
		{41DDFD96-C5D6-437F-95FC-BAD70AE6706C}.Debug|x64.Build.0 = Debug|Any CPU
		{41DDFD96-C5D6-437F-95FC-BAD70AE6706C}.Release|Any CPU.ActiveCfg = Release|Any CPU
		{41DDFD96-C5D6-437F-95FC-BAD70AE6706C}.Release|Any CPU.Build.0 = Release|Any CPU
		{41DDFD96-C5D6-437F-95FC-BAD70AE6706C}.Release|x64.ActiveCfg = Release|Any CPU
		{41DDFD96-C5D6-437F-95FC-BAD70AE6706C}.Release|x64.Build.0 = Release|Any CPU
		{7AD1DDED-3A32-44ED-9730-77C4AC4DFFF6}.Debug|Any CPU.ActiveCfg = Debug|Any CPU
		{7AD1DDED-3A32-44ED-9730-77C4AC4DFFF6}.Debug|Any CPU.Build.0 = Debug|Any CPU
		{7AD1DDED-3A32-44ED-9730-77C4AC4DFFF6}.Debug|x64.ActiveCfg = Debug|Any CPU
		{7AD1DDED-3A32-44ED-9730-77C4AC4DFFF6}.Debug|x64.Build.0 = Debug|Any CPU
		{7AD1DDED-3A32-44ED-9730-77C4AC4DFFF6}.Release|Any CPU.ActiveCfg = Release|Any CPU
		{7AD1DDED-3A32-44ED-9730-77C4AC4DFFF6}.Release|Any CPU.Build.0 = Release|Any CPU
		{7AD1DDED-3A32-44ED-9730-77C4AC4DFFF6}.Release|x64.ActiveCfg = Release|Any CPU
		{7AD1DDED-3A32-44ED-9730-77C4AC4DFFF6}.Release|x64.Build.0 = Release|Any CPU
		{B600B81A-E70C-4614-81D5-F1DC277028C3}.Debug|Any CPU.ActiveCfg = Debug|Any CPU
		{B600B81A-E70C-4614-81D5-F1DC277028C3}.Debug|Any CPU.Build.0 = Debug|Any CPU
		{B600B81A-E70C-4614-81D5-F1DC277028C3}.Debug|x64.ActiveCfg = Debug|Any CPU
		{B600B81A-E70C-4614-81D5-F1DC277028C3}.Debug|x64.Build.0 = Debug|Any CPU
		{B600B81A-E70C-4614-81D5-F1DC277028C3}.Release|Any CPU.ActiveCfg = Release|Any CPU
		{B600B81A-E70C-4614-81D5-F1DC277028C3}.Release|Any CPU.Build.0 = Release|Any CPU
		{B600B81A-E70C-4614-81D5-F1DC277028C3}.Release|x64.ActiveCfg = Release|Any CPU
		{B600B81A-E70C-4614-81D5-F1DC277028C3}.Release|x64.Build.0 = Release|Any CPU
		{326F29C7-60F6-4BA5-94B5-BBBCB0282B20}.Debug|Any CPU.ActiveCfg = Debug|Any CPU
		{326F29C7-60F6-4BA5-94B5-BBBCB0282B20}.Debug|Any CPU.Build.0 = Debug|Any CPU
		{326F29C7-60F6-4BA5-94B5-BBBCB0282B20}.Debug|x64.ActiveCfg = Debug|Any CPU
		{326F29C7-60F6-4BA5-94B5-BBBCB0282B20}.Debug|x64.Build.0 = Debug|Any CPU
		{326F29C7-60F6-4BA5-94B5-BBBCB0282B20}.Release|Any CPU.ActiveCfg = Release|Any CPU
		{326F29C7-60F6-4BA5-94B5-BBBCB0282B20}.Release|Any CPU.Build.0 = Release|Any CPU
		{326F29C7-60F6-4BA5-94B5-BBBCB0282B20}.Release|x64.ActiveCfg = Release|Any CPU
		{326F29C7-60F6-4BA5-94B5-BBBCB0282B20}.Release|x64.Build.0 = Release|Any CPU
		{48F412F1-8564-4E46-8105-61183EE49421}.Debug|Any CPU.ActiveCfg = Debug|Any CPU
		{48F412F1-8564-4E46-8105-61183EE49421}.Debug|Any CPU.Build.0 = Debug|Any CPU
		{48F412F1-8564-4E46-8105-61183EE49421}.Debug|x64.ActiveCfg = Debug|Any CPU
		{48F412F1-8564-4E46-8105-61183EE49421}.Debug|x64.Build.0 = Debug|Any CPU
		{48F412F1-8564-4E46-8105-61183EE49421}.Release|Any CPU.ActiveCfg = Release|Any CPU
		{48F412F1-8564-4E46-8105-61183EE49421}.Release|Any CPU.Build.0 = Release|Any CPU
		{48F412F1-8564-4E46-8105-61183EE49421}.Release|x64.ActiveCfg = Release|Any CPU
		{48F412F1-8564-4E46-8105-61183EE49421}.Release|x64.Build.0 = Release|Any CPU
	EndGlobalSection
	GlobalSection(SolutionProperties) = preSolution
		HideSolutionNode = FALSE
	EndGlobalSection
	GlobalSection(ExtensibilityGlobals) = postSolution
		SolutionGuid = {5D276612-5ED3-4CBD-B027-642D2EE489DB}
	EndGlobalSection
EndGlobal
